
Microsoft Visual Studio Solution File, Format Version 12.00
# Visual Studio Version 16
VisualStudioVersion = 16.0.29926.136
MinimumVisualStudioVersion = 10.0.40219.1
Project("{FAE04EC0-301F-11D3-BF4B-00C04F79EFBC}") = "FileManager_WForms", "D:\scripts\C Sharp\Urok 5 - 1\FileManager_WForms.csproj", "{C7995E4F-AC4D-4C19-A983-23EFE99CE049}"
EndProject
Global
	GlobalSection(SolutionConfigurationPlatforms) = preSolution
		Debug|Any CPU = Debug|Any CPU
		Release|Any CPU = Release|Any CPU
	EndGlobalSection
	GlobalSection(ProjectConfigurationPlatforms) = postSolution
		{C7995E4F-AC4D-4C19-A983-23EFE99CE049}.Debug|Any CPU.ActiveCfg = Debug|Any CPU
		{C7995E4F-AC4D-4C19-A983-23EFE99CE049}.Debug|Any CPU.Build.0 = Debug|Any CPU
		{C7995E4F-AC4D-4C19-A983-23EFE99CE049}.Release|Any CPU.ActiveCfg = Release|Any CPU
		{C7995E4F-AC4D-4C19-A983-23EFE99CE049}.Release|Any CPU.Build.0 = Release|Any CPU
	EndGlobalSection
	GlobalSection(SolutionProperties) = preSolution
		HideSolutionNode = FALSE
	EndGlobalSection
	GlobalSection(ExtensibilityGlobals) = postSolution
		SolutionGuid = {05F262C0-B2D8-4A3A-9C27-20221C597ADD}
	EndGlobalSection
EndGlobal
